
Microsoft Visual Studio Solution File, Format Version 12.00
# Visual Studio Version 17
VisualStudioVersion = 17.4.33122.133
MinimumVisualStudioVersion = 10.0.40219.1
Project("{FAE04EC0-301F-11D3-BF4B-00C04F79EFBC}") = "FirstQuest", "FirstQuest\FirstQuest.csproj", "{0A984911-6140-4CE5-B86F-362CA91DFC33}"
EndProject
Global
	GlobalSection(SolutionConfigurationPlatforms) = preSolution
		Debug|Any CPU = Debug|Any CPU
		Release|Any CPU = Release|Any CPU
	EndGlobalSection
	GlobalSection(ProjectConfigurationPlatforms) = postSolution
		{0A984911-6140-4CE5-B86F-362CA91DFC33}.Debug|Any CPU.ActiveCfg = Debug|Any CPU
		{0A984911-6140-4CE5-B86F-362CA91DFC33}.Debug|Any CPU.Build.0 = Debug|Any CPU
		{0A984911-6140-4CE5-B86F-362CA91DFC33}.Release|Any CPU.ActiveCfg = Release|Any CPU
		{0A984911-6140-4CE5-B86F-362CA91DFC33}.Release|Any CPU.Build.0 = Release|Any CPU
	EndGlobalSection
	GlobalSection(SolutionProperties) = preSolution
		HideSolutionNode = FALSE
	EndGlobalSection
	GlobalSection(ExtensibilityGlobals) = postSolution
		SolutionGuid = {3457E5FD-67EF-4EAA-8FE4-B04501A656FF}
	EndGlobalSection
EndGlobal
